// !$*UTF8*$!
{
	archiveVersion = 1;
	classes = {
	};
	objectVersion = 56;
	objects = {

/* Begin PBXBuildFile section */
		7751800D2FA6E38600B73F60 /* GoogleSignIn in Frameworks */ = {isa = PBXBuildFile; productRef = 7751800C2FA6E38600B73F60 /* GoogleSignIn */; };
		7751800F2FA6E38600B73F60 /* GoogleSignInSwift in Frameworks */ = {isa = PBXBuildFile; productRef = 7751800E2FA6E38600B73F60 /* GoogleSignInSwift */; };
		775180112FA6F5EB00B73F60 /* UI/Dashboard/WakePlanDetailsView.swift in Sources */ = {isa = PBXBuildFile; fileRef = 775180102FA6F5EA00B73F60 /* UI/Dashboard/WakePlanDetailsView.swift */; };
		9363927702F16CFA0B76D76F /* DesignSystem.swift in Sources */ = {isa = PBXBuildFile; fileRef = 6FD00B900BE3339748DDD940 /* DesignSystem.swift */; };
		AA0000000000000000000200 /* Application/AlarmSyncService.swift in Sources */ = {isa = PBXBuildFile; fileRef = AA0000000000000000000100 /* Application/AlarmSyncService.swift */; };
		AA0000000000000000000201 /* Application/AppState.swift in Sources */ = {isa = PBXBuildFile; fileRef = AA0000000000000000000101 /* Application/AppState.swift */; };
		AA0000000000000000000202 /* Application/PermissionService.swift in Sources */ = {isa = PBXBuildFile; fileRef = AA0000000000000000000102 /* Application/PermissionService.swift */; };
		AA0000000000000000000203 /* Application/WakePlanService.swift in Sources */ = {isa = PBXBuildFile; fileRef = AA0000000000000000000103 /* Application/WakePlanService.swift */; };
		AA0000000000000000000204 /* Configuration/AppConfiguration.swift in Sources */ = {isa = PBXBuildFile; fileRef = AA0000000000000000000104 /* Configuration/AppConfiguration.swift */; };
		AA0000000000000000000205 /* Domain/Models/AlarmPreferences.swift in Sources */ = {isa = PBXBuildFile; fileRef = AA0000000000000000000105 /* Domain/Models/AlarmPreferences.swift */; };
		AA0000000000000000000206 /* Domain/Models/CalendarSource.swift in Sources */ = {isa = PBXBuildFile; fileRef = AA0000000000000000000106 /* Domain/Models/CalendarSource.swift */; };
		AA0000000000000000000207 /* Domain/Models/ParsedEvent.swift in Sources */ = {isa = PBXBuildFile; fileRef = AA0000000000000000000107 /* Domain/Models/ParsedEvent.swift */; };
		AA0000000000000000000208 /* Domain/Models/ScheduledAlarmRecord.swift in Sources */ = {isa = PBXBuildFile; fileRef = AA0000000000000000000108 /* Domain/Models/ScheduledAlarmRecord.swift */; };
		AA0000000000000000000209 /* Domain/Models/WakeUpPlan.swift in Sources */ = {isa = PBXBuildFile; fileRef = AA0000000000000000000109 /* Domain/Models/WakeUpPlan.swift */; };
		AA000000000000000000020A /* Domain/Services/EventFilter.swift in Sources */ = {isa = PBXBuildFile; fileRef = AA000000000000000000010A /* Domain/Services/EventFilter.swift */; };
		AA000000000000000000020B /* Domain/Services/WakePlanCalculator.swift in Sources */ = {isa = PBXBuildFile; fileRef = AA000000000000000000010B /* Domain/Services/WakePlanCalculator.swift */; };
		AA000000000000000000020C /* Domain/Services/WakePlanHasher.swift in Sources */ = {isa = PBXBuildFile; fileRef = AA000000000000000000010C /* Domain/Services/WakePlanHasher.swift */; };
		AA000000000000000000020D /* Domain/ValueObjects/ClockTime.swift in Sources */ = {isa = PBXBuildFile; fileRef = AA000000000000000000010D /* Domain/ValueObjects/ClockTime.swift */; };
		AA000000000000000000020E /* Domain/ValueObjects/Minutes.swift in Sources */ = {isa = PBXBuildFile; fileRef = AA000000000000000000010E /* Domain/ValueObjects/Minutes.swift */; };
		AA000000000000000000020F /* Domain/ValueObjects/TargetDay.swift in Sources */ = {isa = PBXBuildFile; fileRef = AA000000000000000000010F /* Domain/ValueObjects/TargetDay.swift */; };
		AA0000000000000000000210 /* Domain/ValueObjects/WakePlanID.swift in Sources */ = {isa = PBXBuildFile; fileRef = AA0000000000000000000110 /* Domain/ValueObjects/WakePlanID.swift */; };
		AA0000000000000000000211 /* Infrastructure/Alarm/AlarmKitMappers.swift in Sources */ = {isa = PBXBuildFile; fileRef = AA0000000000000000000111 /* Infrastructure/Alarm/AlarmKitMappers.swift */; };
		AA0000000000000000000212 /* Infrastructure/Alarm/AlarmKitScheduler.swift in Sources */ = {isa = PBXBuildFile; fileRef = AA0000000000000000000112 /* Infrastructure/Alarm/AlarmKitScheduler.swift */; };
		AA0000000000000000000213 /* Application/Ports/AlarmScheduling.swift in Sources */ = {isa = PBXBuildFile; fileRef = AA0000000000000000000113 /* Application/Ports/AlarmScheduling.swift */; };
		AA0000000000000000000214 /* Application/Ports/CalendarReading.swift in Sources */ = {isa = PBXBuildFile; fileRef = AA0000000000000000000114 /* Application/Ports/CalendarReading.swift */; };
		AA0000000000000000000215 /* Infrastructure/Calendar/EventKitCalendarReader.swift in Sources */ = {isa = PBXBuildFile; fileRef = AA0000000000000000000115 /* Infrastructure/Calendar/EventKitCalendarReader.swift */; };
		AA0000000000000000000216 /* Infrastructure/Calendar/EventKitMappers.swift in Sources */ = {isa = PBXBuildFile; fileRef = AA0000000000000000000116 /* Infrastructure/Calendar/EventKitMappers.swift */; };
		AA0000000000000000000217 /* Application/Ports/PreferencesStoring.swift in Sources */ = {isa = PBXBuildFile; fileRef = AA0000000000000000000117 /* Application/Ports/PreferencesStoring.swift */; };
		AA0000000000000000000218 /* Application/Ports/ScheduledAlarmStoring.swift in Sources */ = {isa = PBXBuildFile; fileRef = AA0000000000000000000118 /* Application/Ports/ScheduledAlarmStoring.swift */; };
		AA0000000000000000000219 /* Infrastructure/Persistence/UserDefaultsPreferencesStore.swift in Sources */ = {isa = PBXBuildFile; fileRef = AA0000000000000000000119 /* Infrastructure/Persistence/UserDefaultsPreferencesStore.swift */; };
		AA000000000000000000021A /* Infrastructure/Persistence/UserDefaultsScheduledAlarmStore.swift in Sources */ = {isa = PBXBuildFile; fileRef = AA000000000000000000011A /* Infrastructure/Persistence/UserDefaultsScheduledAlarmStore.swift */; };
		AA000000000000000000021B /* UI/CalendarSelection/CalendarSelectionView.swift in Sources */ = {isa = PBXBuildFile; fileRef = AA000000000000000000011B /* UI/CalendarSelection/CalendarSelectionView.swift */; };
		AA000000000000000000021C /* UI/CalendarSelection/CalendarSelectionViewModel.swift in Sources */ = {isa = PBXBuildFile; fileRef = AA000000000000000000011C /* UI/CalendarSelection/CalendarSelectionViewModel.swift */; };
		AA000000000000000000021D /* UI/Dashboard/DashboardView.swift in Sources */ = {isa = PBXBuildFile; fileRef = AA000000000000000000011D /* UI/Dashboard/DashboardView.swift */; };
		AA000000000000000000021E /* UI/Dashboard/DashboardViewModel.swift in Sources */ = {isa = PBXBuildFile; fileRef = AA000000000000000000011E /* UI/Dashboard/DashboardViewModel.swift */; };
		AA000000000000000000021F /* UI/Permissions/PermissionsView.swift in Sources */ = {isa = PBXBuildFile; fileRef = AA000000000000000000011F /* UI/Permissions/PermissionsView.swift */; };
		AA0000000000000000000220 /* UI/Permissions/PermissionsViewModel.swift in Sources */ = {isa = PBXBuildFile; fileRef = AA0000000000000000000120 /* UI/Permissions/PermissionsViewModel.swift */; };
		AA0000000000000000000221 /* UI/Settings/SettingsView.swift in Sources */ = {isa = PBXBuildFile; fileRef = AA0000000000000000000121 /* UI/Settings/SettingsView.swift */; };
		AA0000000000000000000222 /* UI/Settings/SettingsViewModel.swift in Sources */ = {isa = PBXBuildFile; fileRef = AA0000000000000000000122 /* UI/Settings/SettingsViewModel.swift */; };
		AA0000000000000000000223 /* WakePlanApp.swift in Sources */ = {isa = PBXBuildFile; fileRef = AA0000000000000000000123 /* WakePlanApp.swift */; };
		AA0000000000000000000224 /* Resources/Assets.xcassets in Resources */ = {isa = PBXBuildFile; fileRef = AA0000000000000000000124 /* Resources/Assets.xcassets */; };
		AA0000000000000000000225 /* UI/Onboarding/OnboardingView.swift in Sources */ = {isa = PBXBuildFile; fileRef = AA0000000000000000000125 /* UI/Onboarding/OnboardingView.swift */; };
		AA0000000000000000000226 /* UI/Root/WakePlanRootView.swift in Sources */ = {isa = PBXBuildFile; fileRef = AA0000000000000000000126 /* UI/Root/WakePlanRootView.swift */; };
		AA0000000000000000000227 /* UI/Rules/RulesView.swift in Sources */ = {isa = PBXBuildFile; fileRef = AA0000000000000000000127 /* UI/Rules/RulesView.swift */; };
		AA0000000000000000000228 /* UI/Settings/TimingSettingsView.swift in Sources */ = {isa = PBXBuildFile; fileRef = AA0000000000000000000128 /* UI/Settings/TimingSettingsView.swift */; };
		AA0000000000000000000229 /* UI/Rules/DaySettingsView.swift in Sources */ = {isa = PBXBuildFile; fileRef = AA0000000000000000000129 /* UI/Rules/DaySettingsView.swift */; };
		AA0000000000000000000230 /* Domain/Models/AlarmRule.swift in Sources */ = {isa = PBXBuildFile; fileRef = AA0000000000000000000130 /* Domain/Models/AlarmRule.swift */; };
		AA0000000000000000000231 /* Application/AccountService.swift in Sources */ = {isa = PBXBuildFile; fileRef = AA0000000000000000000131 /* Application/AccountService.swift */; };
		AA0000000000000000000232 /* Infrastructure/Auth/GoogleSignInAuthenticator.swift in Sources */ = {isa = PBXBuildFile; fileRef = AA0000000000000000000132 /* Infrastructure/Auth/GoogleSignInAuthenticator.swift */; };
		AA0000000000000000000233 /* Resources/AlarmSounds/AlarmDawn.wav in Resources */ = {isa = PBXBuildFile; fileRef = AA0000000000000000000133 /* Resources/AlarmSounds/AlarmDawn.wav */; };
		AA0000000000000000000234 /* Resources/AlarmSounds/AlarmRipple.wav in Resources */ = {isa = PBXBuildFile; fileRef = AA0000000000000000000134 /* Resources/AlarmSounds/AlarmRipple.wav */; };
		AA0000000000000000000235 /* Resources/AlarmSounds/AlarmBloom.wav in Resources */ = {isa = PBXBuildFile; fileRef = AA0000000000000000000135 /* Resources/AlarmSounds/AlarmBloom.wav */; };
		AA0000000000000000000236 /* Resources/AlarmSounds/Basso.aiff in Resources */ = {isa = PBXBuildFile; fileRef = AA0000000000000000000136 /* Resources/AlarmSounds/Basso.aiff */; };
		AA0000000000000000000237 /* Resources/AlarmSounds/Blow.aiff in Resources */ = {isa = PBXBuildFile; fileRef = AA0000000000000000000137 /* Resources/AlarmSounds/Blow.aiff */; };
		AA0000000000000000000238 /* Resources/AlarmSounds/Bottle.aiff in Resources */ = {isa = PBXBuildFile; fileRef = AA0000000000000000000138 /* Resources/AlarmSounds/Bottle.aiff */; };
		AA0000000000000000000239 /* Resources/AlarmSounds/Frog.aiff in Resources */ = {isa = PBXBuildFile; fileRef = AA0000000000000000000139 /* Resources/AlarmSounds/Frog.aiff */; };
		AA000000000000000000023A /* Resources/AlarmSounds/Funk.aiff in Resources */ = {isa = PBXBuildFile; fileRef = AA000000000000000000013A /* Resources/AlarmSounds/Funk.aiff */; };
		AA000000000000000000023B /* Resources/AlarmSounds/Glass.aiff in Resources */ = {isa = PBXBuildFile; fileRef = AA000000000000000000013B /* Resources/AlarmSounds/Glass.aiff */; };
		AA000000000000000000023C /* Resources/AlarmSounds/Hero.aiff in Resources */ = {isa = PBXBuildFile; fileRef = AA000000000000000000013C /* Resources/AlarmSounds/Hero.aiff */; };
		AA000000000000000000023D /* Resources/AlarmSounds/Morse.aiff in Resources */ = {isa = PBXBuildFile; fileRef = AA000000000000000000013D /* Resources/AlarmSounds/Morse.aiff */; };
		AA000000000000000000023E /* Resources/AlarmSounds/Ping.aiff in Resources */ = {isa = PBXBuildFile; fileRef = AA000000000000000000013E /* Resources/AlarmSounds/Ping.aiff */; };
		AA000000000000000000023F /* Resources/AlarmSounds/Pop.aiff in Resources */ = {isa = PBXBuildFile; fileRef = AA000000000000000000013F /* Resources/AlarmSounds/Pop.aiff */; };
		AA0000000000000000000240 /* Resources/AlarmSounds/Purr.aiff in Resources */ = {isa = PBXBuildFile; fileRef = AA0000000000000000000140 /* Resources/AlarmSounds/Purr.aiff */; };
		AA0000000000000000000241 /* Resources/AlarmSounds/Sosumi.aiff in Resources */ = {isa = PBXBuildFile; fileRef = AA0000000000000000000141 /* Resources/AlarmSounds/Sosumi.aiff */; };
		AA0000000000000000000242 /* Resources/AlarmSounds/Submarine.aiff in Resources */ = {isa = PBXBuildFile; fileRef = AA0000000000000000000142 /* Resources/AlarmSounds/Submarine.aiff */; };
		AA0000000000000000000243 /* Resources/AlarmSounds/Tink.aiff in Resources */ = {isa = PBXBuildFile; fileRef = AA0000000000000000000143 /* Resources/AlarmSounds/Tink.aiff */; };
		AA0000000000000000000400 /* Domain/ClockTimeTests.swift in Sources */ = {isa = PBXBuildFile; fileRef = AA0000000000000000000300 /* Domain/ClockTimeTests.swift */; };
		AA0000000000000000000401 /* Domain/EventFilterTests.swift in Sources */ = {isa = PBXBuildFile; fileRef = AA0000000000000000000301 /* Domain/EventFilterTests.swift */; };
		AA0000000000000000000402 /* Domain/WakePlanCalculatorTests.swift in Sources */ = {isa = PBXBuildFile; fileRef = AA0000000000000000000302 /* Domain/WakePlanCalculatorTests.swift */; };
		AA0000000000000000000403 /* Application/AlarmSyncServiceTests.swift in Sources */ = {isa = PBXBuildFile; fileRef = AA0000000000000000000303 /* Application/AlarmSyncServiceTests.swift */; };
		AA0000000000000000000404 /* Application/AccountServiceTests.swift in Sources */ = {isa = PBXBuildFile; fileRef = AA0000000000000000000304 /* Application/AccountServiceTests.swift */; };
		AA0000000000000000000405 /* Application/AppStateTests.swift in Sources */ = {isa = PBXBuildFile; fileRef = AA0000000000000000000305 /* Application/AppStateTests.swift */; };
/* End PBXBuildFile section */

/* Begin PBXContainerItemProxy section */
		AA0000000000000000000010 /* PBXContainerItemProxy */ = {
			isa = PBXContainerItemProxy;
			containerPortal = AA0000000000000000000001 /* Project object */;
			proxyType = 1;
			remoteGlobalIDString = AA0000000000000000000006;
			remoteInfo = WakePlan;
		};
/* End PBXContainerItemProxy section */

/* Begin PBXFileReference section */
		6FD00B900BE3339748DDD940 /* DesignSystem.swift */ = {isa = PBXFileReference; includeInIndex = 1; lastKnownFileType = sourcecode.swift; path = DesignSystem.swift; sourceTree = "<group>"; };
		775180102FA6F5EA00B73F60 /* UI/Dashboard/WakePlanDetailsView.swift */ = {isa = PBXFileReference; lastKnownFileType = sourcecode.swift; path = UI/Dashboard/WakePlanDetailsView.swift; sourceTree = "<group>"; };
		77BF3AF82FA662C0004F4896 /* Info.plist */ = {isa = PBXFileReference; lastKnownFileType = text.plist; path = Info.plist; sourceTree = "<group>"; };
		AA0000000000000000000012 /* WakePlan.app */ = {isa = PBXFileReference; explicitFileType = wrapper.application; includeInIndex = 0; path = WakePlan.app; sourceTree = BUILT_PRODUCTS_DIR; };
		AA0000000000000000000013 /* WakePlanTests.xctest */ = {isa = PBXFileReference; explicitFileType = wrapper.cfbundle; includeInIndex = 0; path = WakePlanTests.xctest; sourceTree = BUILT_PRODUCTS_DIR; };
		AA0000000000000000000100 /* Application/AlarmSyncService.swift */ = {isa = PBXFileReference; lastKnownFileType = sourcecode.swift; path = Application/AlarmSyncService.swift; sourceTree = "<group>"; };
		AA0000000000000000000101 /* Application/AppState.swift */ = {isa = PBXFileReference; lastKnownFileType = sourcecode.swift; path = Application/AppState.swift; sourceTree = "<group>"; };
		AA0000000000000000000102 /* Application/PermissionService.swift */ = {isa = PBXFileReference; lastKnownFileType = sourcecode.swift; path = Application/PermissionService.swift; sourceTree = "<group>"; };
		AA0000000000000000000103 /* Application/WakePlanService.swift */ = {isa = PBXFileReference; lastKnownFileType = sourcecode.swift; path = Application/WakePlanService.swift; sourceTree = "<group>"; };
		AA0000000000000000000104 /* Configuration/AppConfiguration.swift */ = {isa = PBXFileReference; lastKnownFileType = sourcecode.swift; path = Configuration/AppConfiguration.swift; sourceTree = "<group>"; };
		AA0000000000000000000105 /* Domain/Models/AlarmPreferences.swift */ = {isa = PBXFileReference; lastKnownFileType = sourcecode.swift; path = Domain/Models/AlarmPreferences.swift; sourceTree = "<group>"; };
		AA0000000000000000000106 /* Domain/Models/CalendarSource.swift */ = {isa = PBXFileReference; lastKnownFileType = sourcecode.swift; path = Domain/Models/CalendarSource.swift; sourceTree = "<group>"; };
		AA0000000000000000000107 /* Domain/Models/ParsedEvent.swift */ = {isa = PBXFileReference; lastKnownFileType = sourcecode.swift; path = Domain/Models/ParsedEvent.swift; sourceTree = "<group>"; };
		AA0000000000000000000108 /* Domain/Models/ScheduledAlarmRecord.swift */ = {isa = PBXFileReference; lastKnownFileType = sourcecode.swift; path = Domain/Models/ScheduledAlarmRecord.swift; sourceTree = "<group>"; };
		AA0000000000000000000109 /* Domain/Models/WakeUpPlan.swift */ = {isa = PBXFileReference; lastKnownFileType = sourcecode.swift; path = Domain/Models/WakeUpPlan.swift; sourceTree = "<group>"; };
		AA000000000000000000010A /* Domain/Services/EventFilter.swift */ = {isa = PBXFileReference; lastKnownFileType = sourcecode.swift; path = Domain/Services/EventFilter.swift; sourceTree = "<group>"; };
		AA000000000000000000010B /* Domain/Services/WakePlanCalculator.swift */ = {isa = PBXFileReference; lastKnownFileType = sourcecode.swift; path = Domain/Services/WakePlanCalculator.swift; sourceTree = "<group>"; };
		AA000000000000000000010C /* Domain/Services/WakePlanHasher.swift */ = {isa = PBXFileReference; lastKnownFileType = sourcecode.swift; path = Domain/Services/WakePlanHasher.swift; sourceTree = "<group>"; };
		AA000000000000000000010D /* Domain/ValueObjects/ClockTime.swift */ = {isa = PBXFileReference; lastKnownFileType = sourcecode.swift; path = Domain/ValueObjects/ClockTime.swift; sourceTree = "<group>"; };
		AA000000000000000000010E /* Domain/ValueObjects/Minutes.swift */ = {isa = PBXFileReference; lastKnownFileType = sourcecode.swift; path = Domain/ValueObjects/Minutes.swift; sourceTree = "<group>"; };
		AA000000000000000000010F /* Domain/ValueObjects/TargetDay.swift */ = {isa = PBXFileReference; lastKnownFileType = sourcecode.swift; path = Domain/ValueObjects/TargetDay.swift; sourceTree = "<group>"; };
		AA0000000000000000000110 /* Domain/ValueObjects/WakePlanID.swift */ = {isa = PBXFileReference; lastKnownFileType = sourcecode.swift; path = Domain/ValueObjects/WakePlanID.swift; sourceTree = "<group>"; };
		AA0000000000000000000111 /* Infrastructure/Alarm/AlarmKitMappers.swift */ = {isa = PBXFileReference; lastKnownFileType = sourcecode.swift; path = Infrastructure/Alarm/AlarmKitMappers.swift; sourceTree = "<group>"; };
		AA0000000000000000000112 /* Infrastructure/Alarm/AlarmKitScheduler.swift */ = {isa = PBXFileReference; lastKnownFileType = sourcecode.swift; path = Infrastructure/Alarm/AlarmKitScheduler.swift; sourceTree = "<group>"; };
		AA0000000000000000000113 /* Application/Ports/AlarmScheduling.swift */ = {isa = PBXFileReference; lastKnownFileType = sourcecode.swift; path = Application/Ports/AlarmScheduling.swift; sourceTree = "<group>"; };
		AA0000000000000000000114 /* Application/Ports/CalendarReading.swift */ = {isa = PBXFileReference; lastKnownFileType = sourcecode.swift; path = Application/Ports/CalendarReading.swift; sourceTree = "<group>"; };
		AA0000000000000000000115 /* Infrastructure/Calendar/EventKitCalendarReader.swift */ = {isa = PBXFileReference; lastKnownFileType = sourcecode.swift; path = Infrastructure/Calendar/EventKitCalendarReader.swift; sourceTree = "<group>"; };
		AA0000000000000000000116 /* Infrastructure/Calendar/EventKitMappers.swift */ = {isa = PBXFileReference; lastKnownFileType = sourcecode.swift; path = Infrastructure/Calendar/EventKitMappers.swift; sourceTree = "<group>"; };
		AA0000000000000000000117 /* Application/Ports/PreferencesStoring.swift */ = {isa = PBXFileReference; lastKnownFileType = sourcecode.swift; path = Application/Ports/PreferencesStoring.swift; sourceTree = "<group>"; };
		AA0000000000000000000118 /* Application/Ports/ScheduledAlarmStoring.swift */ = {isa = PBXFileReference; lastKnownFileType = sourcecode.swift; path = Application/Ports/ScheduledAlarmStoring.swift; sourceTree = "<group>"; };
		AA0000000000000000000119 /* Infrastructure/Persistence/UserDefaultsPreferencesStore.swift */ = {isa = PBXFileReference; lastKnownFileType = sourcecode.swift; path = Infrastructure/Persistence/UserDefaultsPreferencesStore.swift; sourceTree = "<group>"; };
		AA000000000000000000011A /* Infrastructure/Persistence/UserDefaultsScheduledAlarmStore.swift */ = {isa = PBXFileReference; lastKnownFileType = sourcecode.swift; path = Infrastructure/Persistence/UserDefaultsScheduledAlarmStore.swift; sourceTree = "<group>"; };
		AA000000000000000000011B /* UI/CalendarSelection/CalendarSelectionView.swift */ = {isa = PBXFileReference; lastKnownFileType = sourcecode.swift; path = UI/CalendarSelection/CalendarSelectionView.swift; sourceTree = "<group>"; };
		AA000000000000000000011C /* UI/CalendarSelection/CalendarSelectionViewModel.swift */ = {isa = PBXFileReference; lastKnownFileType = sourcecode.swift; path = UI/CalendarSelection/CalendarSelectionViewModel.swift; sourceTree = "<group>"; };
		AA000000000000000000011D /* UI/Dashboard/DashboardView.swift */ = {isa = PBXFileReference; lastKnownFileType = sourcecode.swift; path = UI/Dashboard/DashboardView.swift; sourceTree = "<group>"; };
		AA000000000000000000011E /* UI/Dashboard/DashboardViewModel.swift */ = {isa = PBXFileReference; lastKnownFileType = sourcecode.swift; path = UI/Dashboard/DashboardViewModel.swift; sourceTree = "<group>"; };
		AA000000000000000000011F /* UI/Permissions/PermissionsView.swift */ = {isa = PBXFileReference; lastKnownFileType = sourcecode.swift; path = UI/Permissions/PermissionsView.swift; sourceTree = "<group>"; };
		AA0000000000000000000120 /* UI/Permissions/PermissionsViewModel.swift */ = {isa = PBXFileReference; lastKnownFileType = sourcecode.swift; path = UI/Permissions/PermissionsViewModel.swift; sourceTree = "<group>"; };
		AA0000000000000000000121 /* UI/Settings/SettingsView.swift */ = {isa = PBXFileReference; lastKnownFileType = sourcecode.swift; path = UI/Settings/SettingsView.swift; sourceTree = "<group>"; };
		AA0000000000000000000122 /* UI/Settings/SettingsViewModel.swift */ = {isa = PBXFileReference; lastKnownFileType = sourcecode.swift; path = UI/Settings/SettingsViewModel.swift; sourceTree = "<group>"; };
		AA0000000000000000000123 /* WakePlanApp.swift */ = {isa = PBXFileReference; lastKnownFileType = sourcecode.swift; path = WakePlanApp.swift; sourceTree = "<group>"; };
		AA0000000000000000000124 /* Resources/Assets.xcassets */ = {isa = PBXFileReference; lastKnownFileType = folder.assetcatalog; path = Resources/Assets.xcassets; sourceTree = "<group>"; };
		AA0000000000000000000125 /* UI/Onboarding/OnboardingView.swift */ = {isa = PBXFileReference; lastKnownFileType = sourcecode.swift; path = UI/Onboarding/OnboardingView.swift; sourceTree = "<group>"; };
		AA0000000000000000000126 /* UI/Root/WakePlanRootView.swift */ = {isa = PBXFileReference; lastKnownFileType = sourcecode.swift; path = UI/Root/WakePlanRootView.swift; sourceTree = "<group>"; };
		AA0000000000000000000127 /* UI/Rules/RulesView.swift */ = {isa = PBXFileReference; lastKnownFileType = sourcecode.swift; path = UI/Rules/RulesView.swift; sourceTree = "<group>"; };
		AA0000000000000000000128 /* UI/Settings/TimingSettingsView.swift */ = {isa = PBXFileReference; lastKnownFileType = sourcecode.swift; path = UI/Settings/TimingSettingsView.swift; sourceTree = "<group>"; };
		AA0000000000000000000129 /* UI/Rules/DaySettingsView.swift */ = {isa = PBXFileReference; lastKnownFileType = sourcecode.swift; path = UI/Rules/DaySettingsView.swift; sourceTree = "<group>"; };
		AA0000000000000000000130 /* Domain/Models/AlarmRule.swift */ = {isa = PBXFileReference; lastKnownFileType = sourcecode.swift; path = Domain/Models/AlarmRule.swift; sourceTree = "<group>"; };
		AA0000000000000000000131 /* Application/AccountService.swift */ = {isa = PBXFileReference; lastKnownFileType = sourcecode.swift; path = Application/AccountService.swift; sourceTree = "<group>"; };
		AA0000000000000000000132 /* Infrastructure/Auth/GoogleSignInAuthenticator.swift */ = {isa = PBXFileReference; lastKnownFileType = sourcecode.swift; path = Infrastructure/Auth/GoogleSignInAuthenticator.swift; sourceTree = "<group>"; };
		AA0000000000000000000133 /* Resources/AlarmSounds/AlarmDawn.wav */ = {isa = PBXFileReference; lastKnownFileType = audio.wav; path = Resources/AlarmSounds/AlarmDawn.wav; sourceTree = "<group>"; };
		AA0000000000000000000134 /* Resources/AlarmSounds/AlarmRipple.wav */ = {isa = PBXFileReference; lastKnownFileType = audio.wav; path = Resources/AlarmSounds/AlarmRipple.wav; sourceTree = "<group>"; };
		AA0000000000000000000135 /* Resources/AlarmSounds/AlarmBloom.wav */ = {isa = PBXFileReference; lastKnownFileType = audio.wav; path = Resources/AlarmSounds/AlarmBloom.wav; sourceTree = "<group>"; };
		AA0000000000000000000136 /* Resources/AlarmSounds/Basso.aiff */ = {isa = PBXFileReference; lastKnownFileType = audio.aiff; path = Resources/AlarmSounds/Basso.aiff; sourceTree = "<group>"; };
		AA0000000000000000000137 /* Resources/AlarmSounds/Blow.aiff */ = {isa = PBXFileReference; lastKnownFileType = audio.aiff; path = Resources/AlarmSounds/Blow.aiff; sourceTree = "<group>"; };
		AA0000000000000000000138 /* Resources/AlarmSounds/Bottle.aiff */ = {isa = PBXFileReference; lastKnownFileType = audio.aiff; path = Resources/AlarmSounds/Bottle.aiff; sourceTree = "<group>"; };
		AA0000000000000000000139 /* Resources/AlarmSounds/Frog.aiff */ = {isa = PBXFileReference; lastKnownFileType = audio.aiff; path = Resources/AlarmSounds/Frog.aiff; sourceTree = "<group>"; };
		AA000000000000000000013A /* Resources/AlarmSounds/Funk.aiff */ = {isa = PBXFileReference; lastKnownFileType = audio.aiff; path = Resources/AlarmSounds/Funk.aiff; sourceTree = "<group>"; };
		AA000000000000000000013B /* Resources/AlarmSounds/Glass.aiff */ = {isa = PBXFileReference; lastKnownFileType = audio.aiff; path = Resources/AlarmSounds/Glass.aiff; sourceTree = "<group>"; };
		AA000000000000000000013C /* Resources/AlarmSounds/Hero.aiff */ = {isa = PBXFileReference; lastKnownFileType = audio.aiff; path = Resources/AlarmSounds/Hero.aiff; sourceTree = "<group>"; };
		AA000000000000000000013D /* Resources/AlarmSounds/Morse.aiff */ = {isa = PBXFileReference; lastKnownFileType = audio.aiff; path = Resources/AlarmSounds/Morse.aiff; sourceTree = "<group>"; };
		AA000000000000000000013E /* Resources/AlarmSounds/Ping.aiff */ = {isa = PBXFileReference; lastKnownFileType = audio.aiff; path = Resources/AlarmSounds/Ping.aiff; sourceTree = "<group>"; };
		AA000000000000000000013F /* Resources/AlarmSounds/Pop.aiff */ = {isa = PBXFileReference; lastKnownFileType = audio.aiff; path = Resources/AlarmSounds/Pop.aiff; sourceTree = "<group>"; };
		AA0000000000000000000140 /* Resources/AlarmSounds/Purr.aiff */ = {isa = PBXFileReference; lastKnownFileType = audio.aiff; path = Resources/AlarmSounds/Purr.aiff; sourceTree = "<group>"; };
		AA0000000000000000000141 /* Resources/AlarmSounds/Sosumi.aiff */ = {isa = PBXFileReference; lastKnownFileType = audio.aiff; path = Resources/AlarmSounds/Sosumi.aiff; sourceTree = "<group>"; };
		AA0000000000000000000142 /* Resources/AlarmSounds/Submarine.aiff */ = {isa = PBXFileReference; lastKnownFileType = audio.aiff; path = Resources/AlarmSounds/Submarine.aiff; sourceTree = "<group>"; };
		AA0000000000000000000143 /* Resources/AlarmSounds/Tink.aiff */ = {isa = PBXFileReference; lastKnownFileType = audio.aiff; path = Resources/AlarmSounds/Tink.aiff; sourceTree = "<group>"; };
		AA0000000000000000000300 /* Domain/ClockTimeTests.swift */ = {isa = PBXFileReference; lastKnownFileType = sourcecode.swift; path = Domain/ClockTimeTests.swift; sourceTree = "<group>"; };
		AA0000000000000000000301 /* Domain/EventFilterTests.swift */ = {isa = PBXFileReference; lastKnownFileType = sourcecode.swift; path = Domain/EventFilterTests.swift; sourceTree = "<group>"; };
		AA0000000000000000000302 /* Domain/WakePlanCalculatorTests.swift */ = {isa = PBXFileReference; lastKnownFileType = sourcecode.swift; path = Domain/WakePlanCalculatorTests.swift; sourceTree = "<group>"; };
		AA0000000000000000000303 /* Application/AlarmSyncServiceTests.swift */ = {isa = PBXFileReference; lastKnownFileType = sourcecode.swift; path = Application/AlarmSyncServiceTests.swift; sourceTree = "<group>"; };
		AA0000000000000000000304 /* Application/AccountServiceTests.swift */ = {isa = PBXFileReference; lastKnownFileType = sourcecode.swift; path = Application/AccountServiceTests.swift; sourceTree = "<group>"; };
		AA0000000000000000000305 /* Application/AppStateTests.swift */ = {isa = PBXFileReference; lastKnownFileType = sourcecode.swift; path = Application/AppStateTests.swift; sourceTree = "<group>"; };
/* End PBXFileReference section */

/* Begin PBXFrameworksBuildPhase section */
		AA000000000000000000000C /* Frameworks */ = {
			isa = PBXFrameworksBuildPhase;
			buildActionMask = 2147483647;
			files = (
				7751800D2FA6E38600B73F60 /* GoogleSignIn in Frameworks */,
				7751800F2FA6E38600B73F60 /* GoogleSignInSwift in Frameworks */,
			);
			runOnlyForDeploymentPostprocessing = 0;
		};
		AA000000000000000000000F /* Frameworks */ = {
			isa = PBXFrameworksBuildPhase;
			buildActionMask = 2147483647;
			files = (
			);
			runOnlyForDeploymentPostprocessing = 0;
		};
/* End PBXFrameworksBuildPhase section */

/* Begin PBXGroup section */
		0D5AD69CE17087D801EF78B3 /* DesignSystem */ = {
			isa = PBXGroup;
			children = (
				6FD00B900BE3339748DDD940 /* DesignSystem.swift */,
			);
			name = DesignSystem;
			sourceTree = "<group>";
		};
		AA0000000000000000000002 = {
			isa = PBXGroup;
			children = (
				AA0000000000000000000004 /* WakePlan */,
				AA0000000000000000000005 /* WakePlanTests */,
				AA0000000000000000000003 /* Products */,
			);
			sourceTree = "<group>";
		};
		AA0000000000000000000003 /* Products */ = {
			isa = PBXGroup;
			children = (
				AA0000000000000000000012 /* WakePlan.app */,
				AA0000000000000000000013 /* WakePlanTests.xctest */,
			);
			name = Products;
			sourceTree = "<group>";
		};
		AA0000000000000000000004 /* WakePlan */ = {
			isa = PBXGroup;
			children = (
				77BF3AF82FA662C0004F4896 /* Info.plist */,
				AA0000000000000000000500 /* Application */,
				AA0000000000000000000501 /* Configuration */,
				AA0000000000000000000502 /* Domain */,
				AA0000000000000000000503 /* Infrastructure */,
				AA0000000000000000000504 /* UI */,
				AA0000000000000000000505 /* Resources */,
				AA0000000000000000000123 /* WakePlanApp.swift */,
			);
			path = WakePlan;
			sourceTree = "<group>";
		};
		AA0000000000000000000005 /* WakePlanTests */ = {
			isa = PBXGroup;
			children = (
				AA0000000000000000000600 /* Application */,
				AA0000000000000000000601 /* Domain */,
			);
			path = WakePlanTests;
			sourceTree = "<group>";
		};
		AA0000000000000000000500 /* Application */ = {
			isa = PBXGroup;
			children = (
				AA0000000000000000000131 /* Application/AccountService.swift */,
				AA0000000000000000000100 /* Application/AlarmSyncService.swift */,
				AA0000000000000000000101 /* Application/AppState.swift */,
				AA0000000000000000000102 /* Application/PermissionService.swift */,
				AA0000000000000000000506 /* Ports */,
				AA0000000000000000000103 /* Application/WakePlanService.swift */,
			);
			name = Application;
			sourceTree = "<group>";
		};
		AA0000000000000000000501 /* Configuration */ = {
			isa = PBXGroup;
			children = (
				AA0000000000000000000104 /* Configuration/AppConfiguration.swift */,
			);
			name = Configuration;
			sourceTree = "<group>";
		};
		AA0000000000000000000502 /* Domain */ = {
			isa = PBXGroup;
			children = (
				AA0000000000000000000510 /* Models */,
				AA0000000000000000000511 /* Services */,
				AA0000000000000000000512 /* ValueObjects */,
			);
			name = Domain;
			sourceTree = "<group>";
		};
		AA0000000000000000000503 /* Infrastructure */ = {
			isa = PBXGroup;
			children = (
				AA0000000000000000000520 /* Alarm */,
				AA0000000000000000000523 /* Auth */,
				AA0000000000000000000521 /* Calendar */,
				AA0000000000000000000522 /* Persistence */,
			);
			name = Infrastructure;
			sourceTree = "<group>";
		};
		AA0000000000000000000504 /* UI */ = {
			isa = PBXGroup;
			children = (
				AA0000000000000000000530 /* CalendarSelection */,
				AA0000000000000000000531 /* Dashboard */,
				AA0000000000000000000534 /* Onboarding */,
				AA0000000000000000000532 /* Permissions */,
				AA0000000000000000000535 /* Root */,
				AA0000000000000000000536 /* Rules */,
				AA0000000000000000000533 /* Settings */,
				0D5AD69CE17087D801EF78B3 /* DesignSystem */,
			);
			name = UI;
			sourceTree = "<group>";
		};
		AA0000000000000000000505 /* Resources */ = {
			isa = PBXGroup;
			children = (
				AA0000000000000000000124 /* Resources/Assets.xcassets */,
				AA0000000000000000000133 /* Resources/AlarmSounds/AlarmDawn.wav */,
				AA0000000000000000000134 /* Resources/AlarmSounds/AlarmRipple.wav */,
				AA0000000000000000000135 /* Resources/AlarmSounds/AlarmBloom.wav */,
				AA0000000000000000000136 /* Resources/AlarmSounds/Basso.aiff */,
				AA0000000000000000000137 /* Resources/AlarmSounds/Blow.aiff */,
				AA0000000000000000000138 /* Resources/AlarmSounds/Bottle.aiff */,
				AA0000000000000000000139 /* Resources/AlarmSounds/Frog.aiff */,
				AA000000000000000000013A /* Resources/AlarmSounds/Funk.aiff */,
				AA000000000000000000013B /* Resources/AlarmSounds/Glass.aiff */,
				AA000000000000000000013C /* Resources/AlarmSounds/Hero.aiff */,
				AA000000000000000000013D /* Resources/AlarmSounds/Morse.aiff */,
				AA000000000000000000013E /* Resources/AlarmSounds/Ping.aiff */,
				AA000000000000000000013F /* Resources/AlarmSounds/Pop.aiff */,
				AA0000000000000000000140 /* Resources/AlarmSounds/Purr.aiff */,
				AA0000000000000000000141 /* Resources/AlarmSounds/Sosumi.aiff */,
				AA0000000000000000000142 /* Resources/AlarmSounds/Submarine.aiff */,
				AA0000000000000000000143 /* Resources/AlarmSounds/Tink.aiff */,
			);
			name = Resources;
			sourceTree = "<group>";
		};
		AA0000000000000000000506 /* Ports */ = {
			isa = PBXGroup;
			children = (
				AA0000000000000000000113 /* Application/Ports/AlarmScheduling.swift */,
				AA0000000000000000000114 /* Application/Ports/CalendarReading.swift */,
				AA0000000000000000000117 /* Application/Ports/PreferencesStoring.swift */,
				AA0000000000000000000118 /* Application/Ports/ScheduledAlarmStoring.swift */,
			);
			name = Ports;
			sourceTree = "<group>";
		};
		AA0000000000000000000510 /* Models */ = {
			isa = PBXGroup;
			children = (
				AA0000000000000000000105 /* Domain/Models/AlarmPreferences.swift */,
				AA0000000000000000000130 /* Domain/Models/AlarmRule.swift */,
				AA0000000000000000000106 /* Domain/Models/CalendarSource.swift */,
				AA0000000000000000000107 /* Domain/Models/ParsedEvent.swift */,
				AA0000000000000000000108 /* Domain/Models/ScheduledAlarmRecord.swift */,
				AA0000000000000000000109 /* Domain/Models/WakeUpPlan.swift */,
			);
			name = Models;
			sourceTree = "<group>";
		};
		AA0000000000000000000511 /* Services */ = {
			isa = PBXGroup;
			children = (
				AA000000000000000000010A /* Domain/Services/EventFilter.swift */,
				AA000000000000000000010B /* Domain/Services/WakePlanCalculator.swift */,
				AA000000000000000000010C /* Domain/Services/WakePlanHasher.swift */,
			);
			name = Services;
			sourceTree = "<group>";
		};
		AA0000000000000000000512 /* ValueObjects */ = {
			isa = PBXGroup;
			children = (
				AA000000000000000000010D /* Domain/ValueObjects/ClockTime.swift */,
				AA000000000000000000010E /* Domain/ValueObjects/Minutes.swift */,
				AA000000000000000000010F /* Domain/ValueObjects/TargetDay.swift */,
				AA0000000000000000000110 /* Domain/ValueObjects/WakePlanID.swift */,
			);
			name = ValueObjects;
			sourceTree = "<group>";
		};
		AA0000000000000000000520 /* Alarm */ = {
			isa = PBXGroup;
			children = (
				AA0000000000000000000111 /* Infrastructure/Alarm/AlarmKitMappers.swift */,
				AA0000000000000000000112 /* Infrastructure/Alarm/AlarmKitScheduler.swift */,
			);
			name = Alarm;
			sourceTree = "<group>";
		};
		AA0000000000000000000521 /* Calendar */ = {
			isa = PBXGroup;
			children = (
				AA0000000000000000000115 /* Infrastructure/Calendar/EventKitCalendarReader.swift */,
				AA0000000000000000000116 /* Infrastructure/Calendar/EventKitMappers.swift */,
			);
			name = Calendar;
			sourceTree = "<group>";
		};
		AA0000000000000000000522 /* Persistence */ = {
			isa = PBXGroup;
			children = (
				AA0000000000000000000119 /* Infrastructure/Persistence/UserDefaultsPreferencesStore.swift */,
				AA000000000000000000011A /* Infrastructure/Persistence/UserDefaultsScheduledAlarmStore.swift */,
			);
			name = Persistence;
			sourceTree = "<group>";
		};
		AA0000000000000000000523 /* Auth */ = {
			isa = PBXGroup;
			children = (
				AA0000000000000000000132 /* Infrastructure/Auth/GoogleSignInAuthenticator.swift */,
			);
			name = Auth;
			sourceTree = "<group>";
		};
		AA0000000000000000000530 /* CalendarSelection */ = {
			isa = PBXGroup;
			children = (
				AA000000000000000000011B /* UI/CalendarSelection/CalendarSelectionView.swift */,
				AA000000000000000000011C /* UI/CalendarSelection/CalendarSelectionViewModel.swift */,
			);
			name = CalendarSelection;
			sourceTree = "<group>";
		};
		AA0000000000000000000531 /* Dashboard */ = {
			isa = PBXGroup;
			children = (
				AA000000000000000000011D /* UI/Dashboard/DashboardView.swift */,
				AA000000000000000000011E /* UI/Dashboard/DashboardViewModel.swift */,
				775180102FA6F5EA00B73F60 /* UI/Dashboard/WakePlanDetailsView.swift */,
			);
			name = Dashboard;
			sourceTree = "<group>";
		};
		AA0000000000000000000532 /* Permissions */ = {
			isa = PBXGroup;
			children = (
				AA000000000000000000011F /* UI/Permissions/PermissionsView.swift */,
				AA0000000000000000000120 /* UI/Permissions/PermissionsViewModel.swift */,
			);
			name = Permissions;
			sourceTree = "<group>";
		};
		AA0000000000000000000533 /* Settings */ = {
			isa = PBXGroup;
			children = (
				AA0000000000000000000121 /* UI/Settings/SettingsView.swift */,
				AA0000000000000000000122 /* UI/Settings/SettingsViewModel.swift */,
				AA0000000000000000000128 /* UI/Settings/TimingSettingsView.swift */,
			);
			name = Settings;
			sourceTree = "<group>";
		};
		AA0000000000000000000534 /* Onboarding */ = {
			isa = PBXGroup;
			children = (
				AA0000000000000000000125 /* UI/Onboarding/OnboardingView.swift */,
			);
			name = Onboarding;
			sourceTree = "<group>";
		};
		AA0000000000000000000535 /* Root */ = {
			isa = PBXGroup;
			children = (
				AA0000000000000000000126 /* UI/Root/WakePlanRootView.swift */,
			);
			name = Root;
			sourceTree = "<group>";
		};
		AA0000000000000000000536 /* Rules */ = {
			isa = PBXGroup;
			children = (
				AA0000000000000000000129 /* UI/Rules/DaySettingsView.swift */,
				AA0000000000000000000127 /* UI/Rules/RulesView.swift */,
			);
			name = Rules;
			sourceTree = "<group>";
		};
		AA0000000000000000000600 /* Application */ = {
			isa = PBXGroup;
			children = (
				AA0000000000000000000304 /* Application/AccountServiceTests.swift */,
				AA0000000000000000000303 /* Application/AlarmSyncServiceTests.swift */,
				AA0000000000000000000305 /* Application/AppStateTests.swift */,
			);
			name = Application;
			sourceTree = "<group>";
		};
		AA0000000000000000000601 /* Domain */ = {
			isa = PBXGroup;
			children = (
				AA0000000000000000000300 /* Domain/ClockTimeTests.swift */,
				AA0000000000000000000301 /* Domain/EventFilterTests.swift */,
				AA0000000000000000000302 /* Domain/WakePlanCalculatorTests.swift */,
			);
			name = Domain;
			sourceTree = "<group>";
		};
/* End PBXGroup section */

/* Begin PBXNativeTarget section */
		AA0000000000000000000006 /* WakePlan */ = {
			isa = PBXNativeTarget;
			buildConfigurationList = AA0000000000000000000008 /* Build configuration list for PBXNativeTarget "WakePlan" */;
			buildPhases = (
				AA000000000000000000000B /* Sources */,
				AA000000000000000000000C /* Frameworks */,
				AA000000000000000000000D /* Resources */,
			);
			buildRules = (
			);
			dependencies = (
			);
			name = WakePlan;
			packageProductDependencies = (
				7751800C2FA6E38600B73F60 /* GoogleSignIn */,
				7751800E2FA6E38600B73F60 /* GoogleSignInSwift */,
			);
			productName = WakePlan;
			productReference = AA0000000000000000000012 /* WakePlan.app */;
			productType = "com.apple.product-type.application";
		};
		AA0000000000000000000007 /* WakePlanTests */ = {
			isa = PBXNativeTarget;
			buildConfigurationList = AA0000000000000000000009 /* Build configuration list for PBXNativeTarget "WakePlanTests" */;
			buildPhases = (
				AA000000000000000000000E /* Sources */,
				AA000000000000000000000F /* Frameworks */,
			);
			buildRules = (
			);
			dependencies = (
				AA0000000000000000000011 /* PBXTargetDependency */,
			);
			name = WakePlanTests;
			productName = WakePlanTests;
			productReference = AA0000000000000000000013 /* WakePlanTests.xctest */;
			productType = "com.apple.product-type.bundle.unit-test";
		};
/* End PBXNativeTarget section */

/* Begin PBXProject section */
		AA0000000000000000000001 /* Project object */ = {
			isa = PBXProject;
			attributes = {
				BuildIndependentTargetsInParallel = 1;
				LastSwiftUpdateCheck = 2600;
				LastUpgradeCheck = 2600;
				TargetAttributes = {
					AA0000000000000000000006 = {
						CreatedOnToolsVersion = 26.0;
					};
					AA0000000000000000000007 = {
						CreatedOnToolsVersion = 26.0;
						TestTargetID = AA0000000000000000000006;
					};
				};
			};
			buildConfigurationList = AA000000000000000000000A /* Build configuration list for PBXProject "WakePlan" */;
			compatibilityVersion = "Xcode 14.0";
			developmentRegion = en;
			hasScannedForEncodings = 0;
			knownRegions = (
				en,
				Base,
			);
			mainGroup = AA0000000000000000000002;
			packageReferences = (
				7751800B2FA6E38600B73F60 /* XCRemoteSwiftPackageReference "GoogleSignIn-iOS" */,
			);
			productRefGroup = AA0000000000000000000003 /* Products */;
			projectDirPath = "";
			projectRoot = "";
			targets = (
				AA0000000000000000000006 /* WakePlan */,
				AA0000000000000000000007 /* WakePlanTests */,
			);
		};
/* End PBXProject section */

/* Begin PBXResourcesBuildPhase section */
		AA000000000000000000000D /* Resources */ = {
			isa = PBXResourcesBuildPhase;
			buildActionMask = 2147483647;
			files = (
				AA0000000000000000000224 /* Resources/Assets.xcassets in Resources */,
				AA0000000000000000000233 /* Resources/AlarmSounds/AlarmDawn.wav in Resources */,
				AA0000000000000000000234 /* Resources/AlarmSounds/AlarmRipple.wav in Resources */,
				AA0000000000000000000235 /* Resources/AlarmSounds/AlarmBloom.wav in Resources */,
				AA0000000000000000000236 /* Resources/AlarmSounds/Basso.aiff in Resources */,
				AA0000000000000000000237 /* Resources/AlarmSounds/Blow.aiff in Resources */,
				AA0000000000000000000238 /* Resources/AlarmSounds/Bottle.aiff in Resources */,
				AA0000000000000000000239 /* Resources/AlarmSounds/Frog.aiff in Resources */,
				AA000000000000000000023A /* Resources/AlarmSounds/Funk.aiff in Resources */,
				AA000000000000000000023B /* Resources/AlarmSounds/Glass.aiff in Resources */,
				AA000000000000000000023C /* Resources/AlarmSounds/Hero.aiff in Resources */,
				AA000000000000000000023D /* Resources/AlarmSounds/Morse.aiff in Resources */,
				AA000000000000000000023E /* Resources/AlarmSounds/Ping.aiff in Resources */,
				AA000000000000000000023F /* Resources/AlarmSounds/Pop.aiff in Resources */,
				AA0000000000000000000240 /* Resources/AlarmSounds/Purr.aiff in Resources */,
				AA0000000000000000000241 /* Resources/AlarmSounds/Sosumi.aiff in Resources */,
				AA0000000000000000000242 /* Resources/AlarmSounds/Submarine.aiff in Resources */,
				AA0000000000000000000243 /* Resources/AlarmSounds/Tink.aiff in Resources */,
			);
			runOnlyForDeploymentPostprocessing = 0;
		};
/* End PBXResourcesBuildPhase section */

/* Begin PBXSourcesBuildPhase section */
		AA000000000000000000000B /* Sources */ = {
			isa = PBXSourcesBuildPhase;
			buildActionMask = 2147483647;
			files = (
				AA0000000000000000000231 /* Application/AccountService.swift in Sources */,
				AA0000000000000000000200 /* Application/AlarmSyncService.swift in Sources */,
				AA0000000000000000000201 /* Application/AppState.swift in Sources */,
				AA0000000000000000000202 /* Application/PermissionService.swift in Sources */,
				AA0000000000000000000203 /* Application/WakePlanService.swift in Sources */,
				AA0000000000000000000204 /* Configuration/AppConfiguration.swift in Sources */,
				AA0000000000000000000205 /* Domain/Models/AlarmPreferences.swift in Sources */,
				AA0000000000000000000230 /* Domain/Models/AlarmRule.swift in Sources */,
				AA0000000000000000000206 /* Domain/Models/CalendarSource.swift in Sources */,
				AA0000000000000000000207 /* Domain/Models/ParsedEvent.swift in Sources */,
				AA0000000000000000000208 /* Domain/Models/ScheduledAlarmRecord.swift in Sources */,
				AA0000000000000000000209 /* Domain/Models/WakeUpPlan.swift in Sources */,
				AA000000000000000000020A /* Domain/Services/EventFilter.swift in Sources */,
				AA000000000000000000020B /* Domain/Services/WakePlanCalculator.swift in Sources */,
				AA000000000000000000020C /* Domain/Services/WakePlanHasher.swift in Sources */,
				AA000000000000000000020D /* Domain/ValueObjects/ClockTime.swift in Sources */,
				AA000000000000000000020E /* Domain/ValueObjects/Minutes.swift in Sources */,
				AA000000000000000000020F /* Domain/ValueObjects/TargetDay.swift in Sources */,
				AA0000000000000000000210 /* Domain/ValueObjects/WakePlanID.swift in Sources */,
				AA0000000000000000000211 /* Infrastructure/Alarm/AlarmKitMappers.swift in Sources */,
				AA0000000000000000000212 /* Infrastructure/Alarm/AlarmKitScheduler.swift in Sources */,
				AA0000000000000000000213 /* Application/Ports/AlarmScheduling.swift in Sources */,
				AA0000000000000000000214 /* Application/Ports/CalendarReading.swift in Sources */,
				AA0000000000000000000215 /* Infrastructure/Calendar/EventKitCalendarReader.swift in Sources */,
				AA0000000000000000000216 /* Infrastructure/Calendar/EventKitMappers.swift in Sources */,
				AA0000000000000000000217 /* Application/Ports/PreferencesStoring.swift in Sources */,
				AA0000000000000000000218 /* Application/Ports/ScheduledAlarmStoring.swift in Sources */,
				AA0000000000000000000232 /* Infrastructure/Auth/GoogleSignInAuthenticator.swift in Sources */,
				AA0000000000000000000219 /* Infrastructure/Persistence/UserDefaultsPreferencesStore.swift in Sources */,
				AA000000000000000000021A /* Infrastructure/Persistence/UserDefaultsScheduledAlarmStore.swift in Sources */,
				AA000000000000000000021B /* UI/CalendarSelection/CalendarSelectionView.swift in Sources */,
				AA000000000000000000021C /* UI/CalendarSelection/CalendarSelectionViewModel.swift in Sources */,
				AA000000000000000000021D /* UI/Dashboard/DashboardView.swift in Sources */,
				AA000000000000000000021E /* UI/Dashboard/DashboardViewModel.swift in Sources */,
				AA000000000000000000021F /* UI/Permissions/PermissionsView.swift in Sources */,
				AA0000000000000000000220 /* UI/Permissions/PermissionsViewModel.swift in Sources */,
				AA0000000000000000000221 /* UI/Settings/SettingsView.swift in Sources */,
				775180112FA6F5EB00B73F60 /* UI/Dashboard/WakePlanDetailsView.swift in Sources */,
				AA0000000000000000000222 /* UI/Settings/SettingsViewModel.swift in Sources */,
				AA0000000000000000000223 /* WakePlanApp.swift in Sources */,
				AA0000000000000000000225 /* UI/Onboarding/OnboardingView.swift in Sources */,
				AA0000000000000000000226 /* UI/Root/WakePlanRootView.swift in Sources */,
				AA0000000000000000000227 /* UI/Rules/RulesView.swift in Sources */,
				AA0000000000000000000229 /* UI/Rules/DaySettingsView.swift in Sources */,
				AA0000000000000000000228 /* UI/Settings/TimingSettingsView.swift in Sources */,
				9363927702F16CFA0B76D76F /* DesignSystem.swift in Sources */,
			);
			runOnlyForDeploymentPostprocessing = 0;
		};
		AA000000000000000000000E /* Sources */ = {
			isa = PBXSourcesBuildPhase;
			buildActionMask = 2147483647;
			files = (
				AA0000000000000000000404 /* Application/AccountServiceTests.swift in Sources */,
				AA0000000000000000000403 /* Application/AlarmSyncServiceTests.swift in Sources */,
				AA0000000000000000000405 /* Application/AppStateTests.swift in Sources */,
				AA0000000000000000000400 /* Domain/ClockTimeTests.swift in Sources */,
				AA0000000000000000000401 /* Domain/EventFilterTests.swift in Sources */,
				AA0000000000000000000402 /* Domain/WakePlanCalculatorTests.swift in Sources */,
			);
			runOnlyForDeploymentPostprocessing = 0;
		};
/* End PBXSourcesBuildPhase section */

/* Begin PBXTargetDependency section */
		AA0000000000000000000011 /* PBXTargetDependency */ = {
			isa = PBXTargetDependency;
			target = AA0000000000000000000006 /* WakePlan */;
			targetProxy = AA0000000000000000000010 /* PBXContainerItemProxy */;
		};
/* End PBXTargetDependency section */

/* Begin XCBuildConfiguration section */
		AA0000000000000000000014 /* Debug */ = {
			isa = XCBuildConfiguration;
			buildSettings = {
				ALWAYS_SEARCH_USER_PATHS = NO;
				CLANG_ENABLE_MODULES = YES;
				IPHONEOS_DEPLOYMENT_TARGET = 26.0;
				SDKROOT = iphoneos;
				SWIFT_ACTIVE_COMPILATION_CONDITIONS = DEBUG;
				SWIFT_VERSION = 5.0;
			};
			name = Debug;
		};
		AA0000000000000000000015 /* Release */ = {
			isa = XCBuildConfiguration;
			buildSettings = {
				ALWAYS_SEARCH_USER_PATHS = NO;
				CLANG_ENABLE_MODULES = YES;
				IPHONEOS_DEPLOYMENT_TARGET = 26.0;
				SDKROOT = iphoneos;
				SWIFT_VERSION = 5.0;
			};
			name = Release;
		};
		AA0000000000000000000016 /* Debug */ = {
			isa = XCBuildConfiguration;
			buildSettings = {
				ASSETCATALOG_COMPILER_APPICON_NAME = AppIcon;
				ASSETCATALOG_COMPILER_GLOBAL_ACCENT_COLOR_NAME = AccentColor;
				ASSETCATALOG_COMPILER_INCLUDE_ALL_APPICON_ASSETS = YES;
				CODE_SIGN_STYLE = Automatic;
				CURRENT_PROJECT_VERSION = 1;
				DEVELOPMENT_TEAM = 64GRGCS25S;
				ENABLE_TESTABILITY = YES;
				"EXCLUDED_ARCHS[sdk=iphonesimulator*]" = x86_64;
				GENERATE_INFOPLIST_FILE = YES;
				INFOPLIST_FILE = WakePlan/Info.plist;
				INFOPLIST_KEY_CFBundleDisplayName = EarlyOtter;
				INFOPLIST_KEY_NSAlarmKitUsageDescription = "EarlyOtter schedules wake-up alarms based on your calendar events.";
				INFOPLIST_KEY_NSCalendarsFullAccessUsageDescription = "EarlyOtter reads your calendar to calculate the right wake-up time for your first event.";
				INFOPLIST_KEY_UIApplicationSceneManifest_Generation = YES;
				INFOPLIST_KEY_UIApplicationSupportsIndirectInputEvents = YES;
				INFOPLIST_KEY_UILaunchScreen_Generation = YES;
				IPHONEOS_DEPLOYMENT_TARGET = 26.0;
				LD_RUNPATH_SEARCH_PATHS = (
					"$(inherited)",
					"@executable_path/Frameworks",
				);
				MARKETING_VERSION = 1.0;
				PRODUCT_BUNDLE_IDENTIFIER = com.quentinadolphe.wakeplan;
				PRODUCT_NAME = "$(TARGET_NAME)";
				SUPPORTED_PLATFORMS = "iphoneos iphonesimulator";
				SWIFT_ACTIVE_COMPILATION_CONDITIONS = DEBUG;
				SWIFT_EMIT_LOC_STRINGS = YES;
				SWIFT_VERSION = 5.0;
				TARGETED_DEVICE_FAMILY = 1;
			};
			name = Debug;
		};
		AA0000000000000000000017 /* Release */ = {
			isa = XCBuildConfiguration;
			buildSettings = {
				ASSETCATALOG_COMPILER_APPICON_NAME = AppIcon;
				ASSETCATALOG_COMPILER_GLOBAL_ACCENT_COLOR_NAME = AccentColor;
				ASSETCATALOG_COMPILER_INCLUDE_ALL_APPICON_ASSETS = YES;
				CODE_SIGN_STYLE = Automatic;
				CURRENT_PROJECT_VERSION = 1;
				DEVELOPMENT_TEAM = 64GRGCS25S;
				"EXCLUDED_ARCHS[sdk=iphonesimulator*]" = x86_64;
				GENERATE_INFOPLIST_FILE = YES;
				INFOPLIST_FILE = WakePlan/Info.plist;
				INFOPLIST_KEY_CFBundleDisplayName = EarlyOtter;
				INFOPLIST_KEY_NSAlarmKitUsageDescription = "EarlyOtter schedules wake-up alarms based on your calendar events.";
				INFOPLIST_KEY_NSCalendarsFullAccessUsageDescription = "EarlyOtter reads your calendar to calculate the right wake-up time for your first event.";
				INFOPLIST_KEY_UIApplicationSceneManifest_Generation = YES;
				INFOPLIST_KEY_UIApplicationSupportsIndirectInputEvents = YES;
				INFOPLIST_KEY_UILaunchScreen_Generation = YES;
				IPHONEOS_DEPLOYMENT_TARGET = 26.0;
				LD_RUNPATH_SEARCH_PATHS = (
					"$(inherited)",
					"@executable_path/Frameworks",
				);
				MARKETING_VERSION = 1.0;
				PRODUCT_BUNDLE_IDENTIFIER = com.quentinadolphe.wakeplan;
				PRODUCT_NAME = "$(TARGET_NAME)";
				SUPPORTED_PLATFORMS = "iphoneos iphonesimulator";
				SWIFT_EMIT_LOC_STRINGS = YES;
				SWIFT_OPTIMIZATION_LEVEL = "-O";
				SWIFT_VERSION = 5.0;
				TARGETED_DEVICE_FAMILY = 1;
			};
			name = Release;
		};
		AA0000000000000000000018 /* Debug */ = {
			isa = XCBuildConfiguration;
			buildSettings = {
				BUNDLE_LOADER = "$(TEST_HOST)";
				CODE_SIGN_STYLE = Automatic;
				"EXCLUDED_ARCHS[sdk=iphonesimulator*]" = x86_64;
				GENERATE_INFOPLIST_FILE = YES;
				IPHONEOS_DEPLOYMENT_TARGET = 26.0;
				LD_RUNPATH_SEARCH_PATHS = (
					"$(inherited)",
					"@loader_path/Frameworks",
					"@loader_path/../../Frameworks",
				);
				PRODUCT_BUNDLE_IDENTIFIER = com.quentinadolphe.wakeplanTests;
				PRODUCT_NAME = "$(TARGET_NAME)";
				SUPPORTED_PLATFORMS = "iphoneos iphonesimulator";
				SWIFT_ACTIVE_COMPILATION_CONDITIONS = DEBUG;
				SWIFT_VERSION = 5.0;
				TARGETED_DEVICE_FAMILY = 1;
				TEST_HOST = "$(BUILT_PRODUCTS_DIR)/WakePlan.app/WakePlan";
				TEST_TARGET_NAME = WakePlan;
			};
			name = Debug;
		};
		AA0000000000000000000019 /* Release */ = {
			isa = XCBuildConfiguration;
			buildSettings = {
				BUNDLE_LOADER = "$(TEST_HOST)";
				CODE_SIGN_STYLE = Automatic;
				"EXCLUDED_ARCHS[sdk=iphonesimulator*]" = x86_64;
				GENERATE_INFOPLIST_FILE = YES;
				IPHONEOS_DEPLOYMENT_TARGET = 26.0;
				LD_RUNPATH_SEARCH_PATHS = (
					"$(inherited)",
					"@loader_path/Frameworks",
					"@loader_path/../../Frameworks",
				);
				PRODUCT_BUNDLE_IDENTIFIER = com.quentinadolphe.wakeplanTests;
				PRODUCT_NAME = "$(TARGET_NAME)";
				SUPPORTED_PLATFORMS = "iphoneos iphonesimulator";
				SWIFT_VERSION = 5.0;
				TARGETED_DEVICE_FAMILY = 1;
				TEST_HOST = "$(BUILT_PRODUCTS_DIR)/WakePlan.app/WakePlan";
				TEST_TARGET_NAME = WakePlan;
			};
			name = Release;
		};
/* End XCBuildConfiguration section */

/* Begin XCConfigurationList section */
		AA0000000000000000000008 /* Build configuration list for PBXNativeTarget "WakePlan" */ = {
			isa = XCConfigurationList;
			buildConfigurations = (
				AA0000000000000000000016 /* Debug */,
				AA0000000000000000000017 /* Release */,
			);
			defaultConfigurationIsVisible = 0;
			defaultConfigurationName = Release;
		};
		AA0000000000000000000009 /* Build configuration list for PBXNativeTarget "WakePlanTests" */ = {
			isa = XCConfigurationList;
			buildConfigurations = (
				AA0000000000000000000018 /* Debug */,
				AA0000000000000000000019 /* Release */,
			);
			defaultConfigurationIsVisible = 0;
			defaultConfigurationName = Release;
		};
		AA000000000000000000000A /* Build configuration list for PBXProject "WakePlan" */ = {
			isa = XCConfigurationList;
			buildConfigurations = (
				AA0000000000000000000014 /* Debug */,
				AA0000000000000000000015 /* Release */,
			);
			defaultConfigurationIsVisible = 0;
			defaultConfigurationName = Release;
		};
/* End XCConfigurationList section */

/* Begin XCRemoteSwiftPackageReference section */
		7751800B2FA6E38600B73F60 /* XCRemoteSwiftPackageReference "GoogleSignIn-iOS" */ = {
			isa = XCRemoteSwiftPackageReference;
			repositoryURL = "https://github.com/google/GoogleSignIn-iOS";
			requirement = {
				kind = upToNextMajorVersion;
				minimumVersion = 9.1.0;
			};
		};
/* End XCRemoteSwiftPackageReference section */

/* Begin XCSwiftPackageProductDependency section */
		7751800C2FA6E38600B73F60 /* GoogleSignIn */ = {
			isa = XCSwiftPackageProductDependency;
			package = 7751800B2FA6E38600B73F60 /* XCRemoteSwiftPackageReference "GoogleSignIn-iOS" */;
			productName = GoogleSignIn;
		};
		7751800E2FA6E38600B73F60 /* GoogleSignInSwift */ = {
			isa = XCSwiftPackageProductDependency;
			package = 7751800B2FA6E38600B73F60 /* XCRemoteSwiftPackageReference "GoogleSignIn-iOS" */;
			productName = GoogleSignInSwift;
		};
/* End XCSwiftPackageProductDependency section */
	};
	rootObject = AA0000000000000000000001 /* Project object */;
}
